
Microsoft Visual Studio Solution File, Format Version 12.00
# Visual Studio Version 17
VisualStudioVersion = 17.3.32811.315
MinimumVisualStudioVersion = 10.0.40219.1
Project("{FAE04EC0-301F-11D3-BF4B-00C04F79EFBC}") = "Lab4-Archivos de texto y WinForms", "Lab4-Archivos de texto y WinForms.csproj", "{13968D8B-37D2-41BE-AC85-EA8E9605D55C}"
EndProject
Global
	GlobalSection(SolutionConfigurationPlatforms) = preSolution
		Debug|Any CPU = Debug|Any CPU
		Release|Any CPU = Release|Any CPU
	EndGlobalSection
	GlobalSection(ProjectConfigurationPlatforms) = postSolution
		{13968D8B-37D2-41BE-AC85-EA8E9605D55C}.Debug|Any CPU.ActiveCfg = Debug|Any CPU
		{13968D8B-37D2-41BE-AC85-EA8E9605D55C}.Debug|Any CPU.Build.0 = Debug|Any CPU
		{13968D8B-37D2-41BE-AC85-EA8E9605D55C}.Release|Any CPU.ActiveCfg = Release|Any CPU
		{13968D8B-37D2-41BE-AC85-EA8E9605D55C}.Release|Any CPU.Build.0 = Release|Any CPU
	EndGlobalSection
	GlobalSection(SolutionProperties) = preSolution
		HideSolutionNode = FALSE
	EndGlobalSection
	GlobalSection(ExtensibilityGlobals) = postSolution
		SolutionGuid = {1D921710-5D8C-4BC8-A414-7A05124C3C34}
	EndGlobalSection
EndGlobal
